
Microsoft Visual Studio Solution File, Format Version 12.00
# Visual Studio 15
VisualStudioVersion = 15.0.27004.2005
MinimumVisualStudioVersion = 10.0.40219.1
Project("{FAE04EC0-301F-11D3-BF4B-00C04F79EFBC}") = "TestingCurrentContext", "TestingCurrentContext.csproj", "{98C7A7BE-0FA3-4E40-9CE0-3825642A0FAC}"
EndProject
Global
	GlobalSection(SolutionConfigurationPlatforms) = preSolution
		Debug|Any CPU = Debug|Any CPU
		Release|Any CPU = Release|Any CPU
	EndGlobalSection
	GlobalSection(ProjectConfigurationPlatforms) = postSolution
		{98C7A7BE-0FA3-4E40-9CE0-3825642A0FAC}.Debug|Any CPU.ActiveCfg = Debug|Any CPU
		{98C7A7BE-0FA3-4E40-9CE0-3825642A0FAC}.Debug|Any CPU.Build.0 = Debug|Any CPU
		{98C7A7BE-0FA3-4E40-9CE0-3825642A0FAC}.Release|Any CPU.ActiveCfg = Release|Any CPU
		{98C7A7BE-0FA3-4E40-9CE0-3825642A0FAC}.Release|Any CPU.Build.0 = Release|Any CPU
	EndGlobalSection
	GlobalSection(SolutionProperties) = preSolution
		HideSolutionNode = FALSE
	EndGlobalSection
	GlobalSection(ExtensibilityGlobals) = postSolution
		SolutionGuid = {2FFA2EF0-1F04-4CE9-80A7-E90839EFC80C}
	EndGlobalSection
EndGlobal
